
Microsoft Visual Studio Solution File, Format Version 12.00
# Visual Studio 2012
Project("{FAE04EC0-301F-11D3-BF4B-00C04F79EFBC}") = "EOBS_001", "EOBS_001\EOBS_001.csproj", "{66377159-F747-40E8-9AC8-836BD8773B29}"
EndProject
Project("{FAE04EC0-301F-11D3-BF4B-00C04F79EFBC}") = "EOBSModels", "EOBSModel\EOBSModels.csproj", "{295622F5-DC58-4AFE-A774-8FEA6D5F0BDE}"
EndProject
Global
	GlobalSection(SolutionConfigurationPlatforms) = preSolution
		Debug|Any CPU = Debug|Any CPU
		Release|Any CPU = Release|Any CPU
	EndGlobalSection
	GlobalSection(ProjectConfigurationPlatforms) = postSolution
		{66377159-F747-40E8-9AC8-836BD8773B29}.Debug|Any CPU.ActiveCfg = Debug|Any CPU
		{66377159-F747-40E8-9AC8-836BD8773B29}.Debug|Any CPU.Build.0 = Debug|Any CPU
		{66377159-F747-40E8-9AC8-836BD8773B29}.Release|Any CPU.ActiveCfg = Release|Any CPU
		{66377159-F747-40E8-9AC8-836BD8773B29}.Release|Any CPU.Build.0 = Release|Any CPU
		{295622F5-DC58-4AFE-A774-8FEA6D5F0BDE}.Debug|Any CPU.ActiveCfg = Debug|Any CPU
		{295622F5-DC58-4AFE-A774-8FEA6D5F0BDE}.Debug|Any CPU.Build.0 = Debug|Any CPU
		{295622F5-DC58-4AFE-A774-8FEA6D5F0BDE}.Release|Any CPU.ActiveCfg = Release|Any CPU
		{295622F5-DC58-4AFE-A774-8FEA6D5F0BDE}.Release|Any CPU.Build.0 = Release|Any CPU
	EndGlobalSection
	GlobalSection(SolutionProperties) = preSolution
		HideSolutionNode = FALSE
	EndGlobalSection
EndGlobal
